
Microsoft Visual Studio Solution File, Format Version 12.00
Project("{FAE04EC0-301F-11D3-BF4B-00C04F79EFBC}") = "ST10282092_PROG6212_POE", "ST10282092_PROG6212_POE\ST10282092_PROG6212_POE.csproj", "{E01FE1DC-11A0-4648-AF0C-7B15B634AE3F}"
EndProject
Global
	GlobalSection(SolutionConfigurationPlatforms) = preSolution
		Debug|Any CPU = Debug|Any CPU
		Release|Any CPU = Release|Any CPU
	EndGlobalSection
	GlobalSection(ProjectConfigurationPlatforms) = postSolution
		{E01FE1DC-11A0-4648-AF0C-7B15B634AE3F}.Debug|Any CPU.ActiveCfg = Debug|Any CPU
		{E01FE1DC-11A0-4648-AF0C-7B15B634AE3F}.Debug|Any CPU.Build.0 = Debug|Any CPU
		{E01FE1DC-11A0-4648-AF0C-7B15B634AE3F}.Release|Any CPU.ActiveCfg = Release|Any CPU
		{E01FE1DC-11A0-4648-AF0C-7B15B634AE3F}.Release|Any CPU.Build.0 = Release|Any CPU
	EndGlobalSection
EndGlobal
